
Microsoft Visual Studio Solution File, Format Version 12.00
# Visual Studio Version 16
VisualStudioVersion = 16.0.32407.337
MinimumVisualStudioVersion = 10.0.40219.1
Project("{FAE04EC0-301F-11D3-BF4B-00C04F79EFBC}") = "TestDotNetApp", "TestDotNetApp.csproj", "{E95B35B0-1EA4-48B9-B78C-EB74EE127685}"
EndProject
Project("{FAE04EC0-301F-11D3-BF4B-00C04F79EFBC}") = "TestDotNetAppTests", "..\TestDotNetAppTests\TestDotNetAppTests.csproj", "{43984129-2664-4493-B33D-9C2EE5713806}"
EndProject
Global
	GlobalSection(SolutionConfigurationPlatforms) = preSolution
		Debug|Any CPU = Debug|Any CPU
		Release|Any CPU = Release|Any CPU
	EndGlobalSection
	GlobalSection(ProjectConfigurationPlatforms) = postSolution
		{E95B35B0-1EA4-48B9-B78C-EB74EE127685}.Debug|Any CPU.ActiveCfg = Debug|Any CPU
		{E95B35B0-1EA4-48B9-B78C-EB74EE127685}.Debug|Any CPU.Build.0 = Debug|Any CPU
		{E95B35B0-1EA4-48B9-B78C-EB74EE127685}.Release|Any CPU.ActiveCfg = Release|Any CPU
		{E95B35B0-1EA4-48B9-B78C-EB74EE127685}.Release|Any CPU.Build.0 = Release|Any CPU
		{43984129-2664-4493-B33D-9C2EE5713806}.Debug|Any CPU.ActiveCfg = Debug|Any CPU
		{43984129-2664-4493-B33D-9C2EE5713806}.Debug|Any CPU.Build.0 = Debug|Any CPU
		{43984129-2664-4493-B33D-9C2EE5713806}.Release|Any CPU.ActiveCfg = Release|Any CPU
		{43984129-2664-4493-B33D-9C2EE5713806}.Release|Any CPU.Build.0 = Release|Any CPU
	EndGlobalSection
	GlobalSection(SolutionProperties) = preSolution
		HideSolutionNode = FALSE
	EndGlobalSection
	GlobalSection(ExtensibilityGlobals) = postSolution
		SolutionGuid = {7D4C02D9-2704-4917-AF2C-3699EA517733}
	EndGlobalSection
EndGlobal
